
Microsoft Visual Studio Solution File, Format Version 12.00
# Visual Studio Version 17
VisualStudioVersion = 17.14.36518.9
MinimumVisualStudioVersion = 10.0.40219.1
Project("{FAE04EC0-301F-11D3-BF4B-00C04F79EFBC}") = "Bai03", "Bai03\Bai03.csproj", "{1F540BA1-74B0-4CF7-9BF2-3C7845CA96C1}"
EndProject
Project("{FAE04EC0-301F-11D3-BF4B-00C04F79EFBC}") = "Bai04", "Bai04\Bai04.csproj", "{AA8BE935-CEEC-4B8E-B11C-157D078B02A7}"
EndProject
Project("{FAE04EC0-301F-11D3-BF4B-00C04F79EFBC}") = "Bai05", "Bai05\Bai05.csproj", "{5AF46C9B-17AA-4970-AC42-469044171D61}"
EndProject
Project("{FAE04EC0-301F-11D3-BF4B-00C04F79EFBC}") = "Bai01", "Bai01\Bai01.csproj", "{8F63CD50-633B-4EC3-AA70-4F83E2BAB807}"
EndProject
Project("{FAE04EC0-301F-11D3-BF4B-00C04F79EFBC}") = "Bai02", "Bai02\Bai02.csproj", "{F53E8299-7759-4937-BF5A-6407D835CA5A}"
EndProject
Global
	GlobalSection(SolutionConfigurationPlatforms) = preSolution
		Debug|Any CPU = Debug|Any CPU
		Release|Any CPU = Release|Any CPU
	EndGlobalSection
	GlobalSection(ProjectConfigurationPlatforms) = postSolution
		{1F540BA1-74B0-4CF7-9BF2-3C7845CA96C1}.Debug|Any CPU.ActiveCfg = Debug|Any CPU
		{1F540BA1-74B0-4CF7-9BF2-3C7845CA96C1}.Debug|Any CPU.Build.0 = Debug|Any CPU
		{1F540BA1-74B0-4CF7-9BF2-3C7845CA96C1}.Release|Any CPU.ActiveCfg = Release|Any CPU
		{1F540BA1-74B0-4CF7-9BF2-3C7845CA96C1}.Release|Any CPU.Build.0 = Release|Any CPU
		{AA8BE935-CEEC-4B8E-B11C-157D078B02A7}.Debug|Any CPU.ActiveCfg = Debug|Any CPU
		{AA8BE935-CEEC-4B8E-B11C-157D078B02A7}.Debug|Any CPU.Build.0 = Debug|Any CPU
		{AA8BE935-CEEC-4B8E-B11C-157D078B02A7}.Release|Any CPU.ActiveCfg = Release|Any CPU
		{AA8BE935-CEEC-4B8E-B11C-157D078B02A7}.Release|Any CPU.Build.0 = Release|Any CPU
		{5AF46C9B-17AA-4970-AC42-469044171D61}.Debug|Any CPU.ActiveCfg = Debug|Any CPU
		{5AF46C9B-17AA-4970-AC42-469044171D61}.Debug|Any CPU.Build.0 = Debug|Any CPU
		{5AF46C9B-17AA-4970-AC42-469044171D61}.Release|Any CPU.ActiveCfg = Release|Any CPU
		{5AF46C9B-17AA-4970-AC42-469044171D61}.Release|Any CPU.Build.0 = Release|Any CPU
		{8F63CD50-633B-4EC3-AA70-4F83E2BAB807}.Debug|Any CPU.ActiveCfg = Debug|Any CPU
		{8F63CD50-633B-4EC3-AA70-4F83E2BAB807}.Debug|Any CPU.Build.0 = Debug|Any CPU
		{8F63CD50-633B-4EC3-AA70-4F83E2BAB807}.Release|Any CPU.ActiveCfg = Release|Any CPU
		{8F63CD50-633B-4EC3-AA70-4F83E2BAB807}.Release|Any CPU.Build.0 = Release|Any CPU
		{F53E8299-7759-4937-BF5A-6407D835CA5A}.Debug|Any CPU.ActiveCfg = Debug|Any CPU
		{F53E8299-7759-4937-BF5A-6407D835CA5A}.Debug|Any CPU.Build.0 = Debug|Any CPU
		{F53E8299-7759-4937-BF5A-6407D835CA5A}.Release|Any CPU.ActiveCfg = Release|Any CPU
		{F53E8299-7759-4937-BF5A-6407D835CA5A}.Release|Any CPU.Build.0 = Release|Any CPU
	EndGlobalSection
	GlobalSection(SolutionProperties) = preSolution
		HideSolutionNode = FALSE
	EndGlobalSection
	GlobalSection(ExtensibilityGlobals) = postSolution
		SolutionGuid = {F8ACD698-66C2-47C5-A019-F2B07F4B3A4C}
	EndGlobalSection
EndGlobal
